// !$*UTF8*$!
{
	archiveVersion = 1;
	classes = {
	};
	objectVersion = 50;
	objects = {

/* Begin PBXBuildFile section */
		097E78C1225E3D810052AED6 /* SWRevealViewController.m in Sources */ = {isa = PBXBuildFile; fileRef = 097E78C0225E3D810052AED6 /* SWRevealViewController.m */; };
		097E78C6225E40070052AED6 /* ChatVC.swift in Sources */ = {isa = PBXBuildFile; fileRef = 097E78C5225E40070052AED6 /* ChatVC.swift */; };
		097E78C8225E40200052AED6 /* ChannelVC.swift in Sources */ = {isa = PBXBuildFile; fileRef = 097E78C7225E40200052AED6 /* ChannelVC.swift */; };
		097E78CA225E455D0052AED6 /* Gradientview.swift in Sources */ = {isa = PBXBuildFile; fileRef = 097E78C9225E455D0052AED6 /* Gradientview.swift */; };
		09984A5A225E10D00070CF6E /* AppDelegate.swift in Sources */ = {isa = PBXBuildFile; fileRef = 09984A59225E10D00070CF6E /* AppDelegate.swift */; };
		09984A5F225E10D00070CF6E /* Main.storyboard in Resources */ = {isa = PBXBuildFile; fileRef = 09984A5D225E10D00070CF6E /* Main.storyboard */; };
		09984A61225E10D10070CF6E /* Assets.xcassets in Resources */ = {isa = PBXBuildFile; fileRef = 09984A60225E10D10070CF6E /* Assets.xcassets */; };
		09984A64225E10D10070CF6E /* LaunchScreen.storyboard in Resources */ = {isa = PBXBuildFile; fileRef = 09984A62225E10D10070CF6E /* LaunchScreen.storyboard */; };
		09FE2D99225F9EB000B0C055 /* Constants.swift in Sources */ = {isa = PBXBuildFile; fileRef = 09FE2D98225F9EB000B0C055 /* Constants.swift */; };
		09FE2D9B225FAB8B00B0C055 /* CornerButton.swift in Sources */ = {isa = PBXBuildFile; fileRef = 09FE2D9A225FAB8B00B0C055 /* CornerButton.swift */; };
		09FE2D9D225FADB300B0C055 /* LoginVC.swift in Sources */ = {isa = PBXBuildFile; fileRef = 09FE2D9C225FADB300B0C055 /* LoginVC.swift */; };
		8BBA9DF1AAA9D6188CE9C8F2 /* Pods_Smack.framework in Frameworks */ = {isa = PBXBuildFile; fileRef = 7BFAA2426EF172BF2633A2CD /* Pods_Smack.framework */; };
/* End PBXBuildFile section */

/* Begin PBXFileReference section */
		097E78BE225E3D800052AED6 /* Smack-Bridging-Header.h */ = {isa = PBXFileReference; lastKnownFileType = sourcecode.c.h; path = "Smack-Bridging-Header.h"; sourceTree = "<group>"; };
		097E78BF225E3D810052AED6 /* SWRevealViewController.h */ = {isa = PBXFileReference; fileEncoding = 4; lastKnownFileType = sourcecode.c.h; path = SWRevealViewController.h; sourceTree = "<group>"; };
		097E78C0225E3D810052AED6 /* SWRevealViewController.m */ = {isa = PBXFileReference; fileEncoding = 4; lastKnownFileType = sourcecode.c.objc; path = SWRevealViewController.m; sourceTree = "<group>"; };
		097E78C5225E40070052AED6 /* ChatVC.swift */ = {isa = PBXFileReference; lastKnownFileType = sourcecode.swift; path = ChatVC.swift; sourceTree = "<group>"; };
		097E78C7225E40200052AED6 /* ChannelVC.swift */ = {isa = PBXFileReference; lastKnownFileType = sourcecode.swift; path = ChannelVC.swift; sourceTree = "<group>"; };
		097E78C9225E455D0052AED6 /* Gradientview.swift */ = {isa = PBXFileReference; lastKnownFileType = sourcecode.swift; path = Gradientview.swift; sourceTree = "<group>"; };
		09984A56225E10D00070CF6E /* Smack.app */ = {isa = PBXFileReference; explicitFileType = wrapper.application; includeInIndex = 0; path = Smack.app; sourceTree = BUILT_PRODUCTS_DIR; };
		09984A59225E10D00070CF6E /* AppDelegate.swift */ = {isa = PBXFileReference; lastKnownFileType = sourcecode.swift; path = AppDelegate.swift; sourceTree = "<group>"; };
		09984A5E225E10D00070CF6E /* Base */ = {isa = PBXFileReference; lastKnownFileType = file.storyboard; name = Base; path = Base.lproj/Main.storyboard; sourceTree = "<group>"; };
		09984A60225E10D10070CF6E /* Assets.xcassets */ = {isa = PBXFileReference; lastKnownFileType = folder.assetcatalog; path = Assets.xcassets; sourceTree = "<group>"; };
		09984A63225E10D10070CF6E /* Base */ = {isa = PBXFileReference; lastKnownFileType = file.storyboard; name = Base; path = Base.lproj/LaunchScreen.storyboard; sourceTree = "<group>"; };
		09984A65225E10D10070CF6E /* Info.plist */ = {isa = PBXFileReference; lastKnownFileType = text.plist.xml; path = Info.plist; sourceTree = "<group>"; };
		09FE2D98225F9EB000B0C055 /* Constants.swift */ = {isa = PBXFileReference; lastKnownFileType = sourcecode.swift; path = Constants.swift; sourceTree = "<group>"; };
		09FE2D9A225FAB8B00B0C055 /* CornerButton.swift */ = {isa = PBXFileReference; lastKnownFileType = sourcecode.swift; path = CornerButton.swift; sourceTree = "<group>"; };
		09FE2D9C225FADB300B0C055 /* LoginVC.swift */ = {isa = PBXFileReference; lastKnownFileType = sourcecode.swift; path = LoginVC.swift; sourceTree = "<group>"; };
		7BFAA2426EF172BF2633A2CD /* Pods_Smack.framework */ = {isa = PBXFileReference; explicitFileType = wrapper.framework; includeInIndex = 0; path = Pods_Smack.framework; sourceTree = BUILT_PRODUCTS_DIR; };
		9BB3390208E765FB9417E001 /* Pods-Smack.debug.xcconfig */ = {isa = PBXFileReference; includeInIndex = 1; lastKnownFileType = text.xcconfig; name = "Pods-Smack.debug.xcconfig"; path = "Target Support Files/Pods-Smack/Pods-Smack.debug.xcconfig"; sourceTree = "<group>"; };
		B91C8F57AB5957EB72487723 /* Pods-Smack.release.xcconfig */ = {isa = PBXFileReference; includeInIndex = 1; lastKnownFileType = text.xcconfig; name = "Pods-Smack.release.xcconfig"; path = "Target Support Files/Pods-Smack/Pods-Smack.release.xcconfig"; sourceTree = "<group>"; };
/* End PBXFileReference section */

/* Begin PBXFrameworksBuildPhase section */
		09984A53225E10D00070CF6E /* Frameworks */ = {
			isa = PBXFrameworksBuildPhase;
			buildActionMask = 2147483647;
			files = (
				8BBA9DF1AAA9D6188CE9C8F2 /* Pods_Smack.framework in Frameworks */,
			);
			runOnlyForDeploymentPostprocessing = 0;
		};
/* End PBXFrameworksBuildPhase section */

/* Begin PBXGroup section */
		097E78BD225E3D510052AED6 /* Supporting Files */ = {
			isa = PBXGroup;
			children = (
				097E78BF225E3D810052AED6 /* SWRevealViewController.h */,
				097E78C0225E3D810052AED6 /* SWRevealViewController.m */,
				097E78BE225E3D800052AED6 /* Smack-Bridging-Header.h */,
			);
			path = "Supporting Files";
			sourceTree = "<group>";
		};
		097E78C2225E3FAA0052AED6 /* Controller */ = {
			isa = PBXGroup;
			children = (
				097E78C5225E40070052AED6 /* ChatVC.swift */,
				097E78C7225E40200052AED6 /* ChannelVC.swift */,
				09FE2D9C225FADB300B0C055 /* LoginVC.swift */,
			);
			path = Controller;
			sourceTree = "<group>";
		};
		097E78C3225E3FC00052AED6 /* View */ = {
			isa = PBXGroup;
			children = (
				097E78C9225E455D0052AED6 /* Gradientview.swift */,
				09FE2D9A225FAB8B00B0C055 /* CornerButton.swift */,
			);
			path = View;
			sourceTree = "<group>";
		};
		097E78C4225E3FC70052AED6 /* Model */ = {
			isa = PBXGroup;
			children = (
			);
			path = Model;
			sourceTree = "<group>";
		};
		09984A4D225E10D00070CF6E = {
			isa = PBXGroup;
			children = (
				09984A58225E10D00070CF6E /* Smack */,
				09984A57225E10D00070CF6E /* Products */,
				5FC454847F1B067BE0FF0A46 /* Pods */,
				AA8658A0ACCA233693D16859 /* Frameworks */,
			);
			sourceTree = "<group>";
		};
		09984A57225E10D00070CF6E /* Products */ = {
			isa = PBXGroup;
			children = (
				09984A56225E10D00070CF6E /* Smack.app */,
			);
			name = Products;
			sourceTree = "<group>";
		};
		09984A58225E10D00070CF6E /* Smack */ = {
			isa = PBXGroup;
			children = (
				09FE2D97225F9E9100B0C055 /* Utilities */,
				097E78C4225E3FC70052AED6 /* Model */,
				097E78C3225E3FC00052AED6 /* View */,
				097E78C2225E3FAA0052AED6 /* Controller */,
				097E78BD225E3D510052AED6 /* Supporting Files */,
				09984A59225E10D00070CF6E /* AppDelegate.swift */,
				09984A5D225E10D00070CF6E /* Main.storyboard */,
				09984A60225E10D10070CF6E /* Assets.xcassets */,
				09984A62225E10D10070CF6E /* LaunchScreen.storyboard */,
				09984A65225E10D10070CF6E /* Info.plist */,
			);
			path = Smack;
			sourceTree = "<group>";
		};
		09FE2D97225F9E9100B0C055 /* Utilities */ = {
			isa = PBXGroup;
			children = (
				09FE2D98225F9EB000B0C055 /* Constants.swift */,
			);
			path = Utilities;
			sourceTree = "<group>";
		};
		5FC454847F1B067BE0FF0A46 /* Pods */ = {
			isa = PBXGroup;
			children = (
				9BB3390208E765FB9417E001 /* Pods-Smack.debug.xcconfig */,
				B91C8F57AB5957EB72487723 /* Pods-Smack.release.xcconfig */,
			);
			path = Pods;
			sourceTree = "<group>";
		};
		AA8658A0ACCA233693D16859 /* Frameworks */ = {
			isa = PBXGroup;
			children = (
				7BFAA2426EF172BF2633A2CD /* Pods_Smack.framework */,
			);
			name = Frameworks;
			sourceTree = "<group>";
		};
/* End PBXGroup section */

/* Begin PBXNativeTarget section */
		09984A55225E10D00070CF6E /* Smack */ = {
			isa = PBXNativeTarget;
			buildConfigurationList = 09984A68225E10D10070CF6E /* Build configuration list for PBXNativeTarget "Smack" */;
			buildPhases = (
				691B3E889B534EA05315FA54 /* [CP] Check Pods Manifest.lock */,
				09984A52225E10D00070CF6E /* Sources */,
				09984A53225E10D00070CF6E /* Frameworks */,
				09984A54225E10D00070CF6E /* Resources */,
				1AC26A3E5DCDC2142525F20C /* [CP] Embed Pods Frameworks */,
			);
			buildRules = (
			);
			dependencies = (
			);
			name = Smack;
			productName = Smack;
			productReference = 09984A56225E10D00070CF6E /* Smack.app */;
			productType = "com.apple.product-type.application";
		};
/* End PBXNativeTarget section */

/* Begin PBXProject section */
		09984A4E225E10D00070CF6E /* Project object */ = {
			isa = PBXProject;
			attributes = {
				LastSwiftUpdateCheck = 1010;
				LastUpgradeCheck = 1010;
				ORGANIZATIONNAME = "yasser ahmed";
				TargetAttributes = {
					09984A55225E10D00070CF6E = {
						CreatedOnToolsVersion = 10.1;
						LastSwiftMigration = 1010;
					};
				};
			};
			buildConfigurationList = 09984A51225E10D00070CF6E /* Build configuration list for PBXProject "Smack" */;
			compatibilityVersion = "Xcode 9.3";
			developmentRegion = en;
			hasScannedForEncodings = 0;
			knownRegions = (
				en,
				Base,
			);
			mainGroup = 09984A4D225E10D00070CF6E;
			productRefGroup = 09984A57225E10D00070CF6E /* Products */;
			projectDirPath = "";
			projectRoot = "";
			targets = (
				09984A55225E10D00070CF6E /* Smack */,
			);
		};
/* End PBXProject section */

/* Begin PBXResourcesBuildPhase section */
		09984A54225E10D00070CF6E /* Resources */ = {
			isa = PBXResourcesBuildPhase;
			buildActionMask = 2147483647;
			files = (
				09984A64225E10D10070CF6E /* LaunchScreen.storyboard in Resources */,
				09984A61225E10D10070CF6E /* Assets.xcassets in Resources */,
				09984A5F225E10D00070CF6E /* Main.storyboard in Resources */,
			);
			runOnlyForDeploymentPostprocessing = 0;
		};
/* End PBXResourcesBuildPhase section */

/* Begin PBXShellScriptBuildPhase section */
		1AC26A3E5DCDC2142525F20C /* [CP] Embed Pods Frameworks */ = {
			isa = PBXShellScriptBuildPhase;
			buildActionMask = 2147483647;
			files = (
			);
			inputFileListPaths = (
			);
			inputPaths = (
				"${PODS_ROOT}/Target Support Files/Pods-Smack/Pods-Smack-frameworks.sh",
				"${BUILT_PRODUCTS_DIR}/Alamofire/Alamofire.framework",
				"${BUILT_PRODUCTS_DIR}/Socket.IO-Client-Swift/SocketIO.framework",
				"${BUILT_PRODUCTS_DIR}/Starscream/Starscream.framework",
				"${BUILT_PRODUCTS_DIR}/SwiftyJSON/SwiftyJSON.framework",
			);
			name = "[CP] Embed Pods Frameworks";
			outputFileListPaths = (
			);
			outputPaths = (
				"${TARGET_BUILD_DIR}/${FRAMEWORKS_FOLDER_PATH}/Alamofire.framework",
				"${TARGET_BUILD_DIR}/${FRAMEWORKS_FOLDER_PATH}/SocketIO.framework",
				"${TARGET_BUILD_DIR}/${FRAMEWORKS_FOLDER_PATH}/Starscream.framework",
				"${TARGET_BUILD_DIR}/${FRAMEWORKS_FOLDER_PATH}/SwiftyJSON.framework",
			);
			runOnlyForDeploymentPostprocessing = 0;
			shellPath = /bin/sh;
			shellScript = "\"${PODS_ROOT}/Target Support Files/Pods-Smack/Pods-Smack-frameworks.sh\"\n";
			showEnvVarsInLog = 0;
		};
		691B3E889B534EA05315FA54 /* [CP] Check Pods Manifest.lock */ = {
			isa = PBXShellScriptBuildPhase;
			buildActionMask = 2147483647;
			files = (
			);
			inputFileListPaths = (
			);
			inputPaths = (
				"${PODS_PODFILE_DIR_PATH}/Podfile.lock",
				"${PODS_ROOT}/Manifest.lock",
			);
			name = "[CP] Check Pods Manifest.lock";
			outputFileListPaths = (
			);
			outputPaths = (
				"$(DERIVED_FILE_DIR)/Pods-Smack-checkManifestLockResult.txt",
			);
			runOnlyForDeploymentPostprocessing = 0;
			shellPath = /bin/sh;
			shellScript = "diff \"${PODS_PODFILE_DIR_PATH}/Podfile.lock\" \"${PODS_ROOT}/Manifest.lock\" > /dev/null\nif [ $? != 0 ] ; then\n    # print error to STDERR\n    echo \"error: The sandbox is not in sync with the Podfile.lock. Run 'pod install' or update your CocoaPods installation.\" >&2\n    exit 1\nfi\n# This output is used by Xcode 'outputs' to avoid re-running this script phase.\necho \"SUCCESS\" > \"${SCRIPT_OUTPUT_FILE_0}\"\n";
			showEnvVarsInLog = 0;
		};
/* End PBXShellScriptBuildPhase section */

/* Begin PBXSourcesBuildPhase section */
		09984A52225E10D00070CF6E /* Sources */ = {
			isa = PBXSourcesBuildPhase;
			buildActionMask = 2147483647;
			files = (
				09FE2D9B225FAB8B00B0C055 /* CornerButton.swift in Sources */,
				097E78C8225E40200052AED6 /* ChannelVC.swift in Sources */,
				09FE2D9D225FADB300B0C055 /* LoginVC.swift in Sources */,
				097E78C6225E40070052AED6 /* ChatVC.swift in Sources */,
				09984A5A225E10D00070CF6E /* AppDelegate.swift in Sources */,
				097E78CA225E455D0052AED6 /* Gradientview.swift in Sources */,
				097E78C1225E3D810052AED6 /* SWRevealViewController.m in Sources */,
				09FE2D99225F9EB000B0C055 /* Constants.swift in Sources */,
			);
			runOnlyForDeploymentPostprocessing = 0;
		};
/* End PBXSourcesBuildPhase section */

/* Begin PBXVariantGroup section */
		09984A5D225E10D00070CF6E /* Main.storyboard */ = {
			isa = PBXVariantGroup;
			children = (
				09984A5E225E10D00070CF6E /* Base */,
			);
			name = Main.storyboard;
			sourceTree = "<group>";
		};
		09984A62225E10D10070CF6E /* LaunchScreen.storyboard */ = {
			isa = PBXVariantGroup;
			children = (
				09984A63225E10D10070CF6E /* Base */,
			);
			name = LaunchScreen.storyboard;
			sourceTree = "<group>";
		};
/* End PBXVariantGroup section */

/* Begin XCBuildConfiguration section */
		09984A66225E10D10070CF6E /* Debug */ = {
			isa = XCBuildConfiguration;
			buildSettings = {
				ALWAYS_SEARCH_USER_PATHS = NO;
				CLANG_ANALYZER_NONNULL = YES;
				CLANG_ANALYZER_NUMBER_OBJECT_CONVERSION = YES_AGGRESSIVE;
				CLANG_CXX_LANGUAGE_STANDARD = "gnu++14";
				CLANG_CXX_LIBRARY = "libc++";
				CLANG_ENABLE_MODULES = YES;
				CLANG_ENABLE_OBJC_ARC = YES;
				CLANG_ENABLE_OBJC_WEAK = YES;
				CLANG_WARN_BLOCK_CAPTURE_AUTORELEASING = YES;
				CLANG_WARN_BOOL_CONVERSION = YES;
				CLANG_WARN_COMMA = YES;
				CLANG_WARN_CONSTANT_CONVERSION = YES;
				CLANG_WARN_DEPRECATED_OBJC_IMPLEMENTATIONS = YES;
				CLANG_WARN_DIRECT_OBJC_ISA_USAGE = YES_ERROR;
				CLANG_WARN_DOCUMENTATION_COMMENTS = YES;
				CLANG_WARN_EMPTY_BODY = YES;
				CLANG_WARN_ENUM_CONVERSION = YES;
				CLANG_WARN_INFINITE_RECURSION = YES;
				CLANG_WARN_INT_CONVERSION = YES;
				CLANG_WARN_NON_LITERAL_NULL_CONVERSION = YES;
				CLANG_WARN_OBJC_IMPLICIT_RETAIN_SELF = YES;
				CLANG_WARN_OBJC_LITERAL_CONVERSION = YES;
				CLANG_WARN_OBJC_ROOT_CLASS = YES_ERROR;
				CLANG_WARN_RANGE_LOOP_ANALYSIS = YES;
				CLANG_WARN_STRICT_PROTOTYPES = YES;
				CLANG_WARN_SUSPICIOUS_MOVE = YES;
				CLANG_WARN_UNGUARDED_AVAILABILITY = YES_AGGRESSIVE;
				CLANG_WARN_UNREACHABLE_CODE = YES;
				CLANG_WARN__DUPLICATE_METHOD_MATCH = YES;
				CODE_SIGN_IDENTITY = "iPhone Developer";
				COPY_PHASE_STRIP = NO;
				DEBUG_INFORMATION_FORMAT = dwarf;
				ENABLE_STRICT_OBJC_MSGSEND = YES;
				ENABLE_TESTABILITY = YES;
				GCC_C_LANGUAGE_STANDARD = gnu11;
				GCC_DYNAMIC_NO_PIC = NO;
				GCC_NO_COMMON_BLOCKS = YES;
				GCC_OPTIMIZATION_LEVEL = 0;
				GCC_PREPROCESSOR_DEFINITIONS = (
					"DEBUG=1",
					"$(inherited)",
				);
				GCC_WARN_64_TO_32_BIT_CONVERSION = YES;
				GCC_WARN_ABOUT_RETURN_TYPE = YES_ERROR;
				GCC_WARN_UNDECLARED_SELECTOR = YES;
				GCC_WARN_UNINITIALIZED_AUTOS = YES_AGGRESSIVE;
				GCC_WARN_UNUSED_FUNCTION = YES;
				GCC_WARN_UNUSED_VARIABLE = YES;
				IPHONEOS_DEPLOYMENT_TARGET = 12.1;
				MTL_ENABLE_DEBUG_INFO = INCLUDE_SOURCE;
				MTL_FAST_MATH = YES;
				ONLY_ACTIVE_ARCH = YES;
				SDKROOT = iphoneos;
				SWIFT_ACTIVE_COMPILATION_CONDITIONS = DEBUG;
				SWIFT_OPTIMIZATION_LEVEL = "-Onone";
			};
			name = Debug;
		};
		09984A67225E10D10070CF6E /* Release */ = {
			isa = XCBuildConfiguration;
			buildSettings = {
				ALWAYS_SEARCH_USER_PATHS = NO;
				CLANG_ANALYZER_NONNULL = YES;
				CLANG_ANALYZER_NUMBER_OBJECT_CONVERSION = YES_AGGRESSIVE;
				CLANG_CXX_LANGUAGE_STANDARD = "gnu++14";
				CLANG_CXX_LIBRARY = "libc++";
				CLANG_ENABLE_MODULES = YES;
				CLANG_ENABLE_OBJC_ARC = YES;
				CLANG_ENABLE_OBJC_WEAK = YES;
				CLANG_WARN_BLOCK_CAPTURE_AUTORELEASING = YES;
				CLANG_WARN_BOOL_CONVERSION = YES;
				CLANG_WARN_COMMA = YES;
				CLANG_WARN_CONSTANT_CONVERSION = YES;
				CLANG_WARN_DEPRECATED_OBJC_IMPLEMENTATIONS = YES;
				CLANG_WARN_DIRECT_OBJC_ISA_USAGE = YES_ERROR;
				CLANG_WARN_DOCUMENTATION_COMMENTS = YES;
				CLANG_WARN_EMPTY_BODY = YES;
				CLANG_WARN_ENUM_CONVERSION = YES;
				CLANG_WARN_INFINITE_RECURSION = YES;
				CLANG_WARN_INT_CONVERSION = YES;
				CLANG_WARN_NON_LITERAL_NULL_CONVERSION = YES;
				CLANG_WARN_OBJC_IMPLICIT_RETAIN_SELF = YES;
				CLANG_WARN_OBJC_LITERAL_CONVERSION = YES;
				CLANG_WARN_OBJC_ROOT_CLASS = YES_ERROR;
				CLANG_WARN_RANGE_LOOP_ANALYSIS = YES;
				CLANG_WARN_STRICT_PROTOTYPES = YES;
				CLANG_WARN_SUSPICIOUS_MOVE = YES;
				CLANG_WARN_UNGUARDED_AVAILABILITY = YES_AGGRESSIVE;
				CLANG_WARN_UNREACHABLE_CODE = YES;
				CLANG_WARN__DUPLICATE_METHOD_MATCH = YES;
				CODE_SIGN_IDENTITY = "iPhone Developer";
				COPY_PHASE_STRIP = NO;
				DEBUG_INFORMATION_FORMAT = "dwarf-with-dsym";
				ENABLE_NS_ASSERTIONS = NO;
				ENABLE_STRICT_OBJC_MSGSEND = YES;
				GCC_C_LANGUAGE_STANDARD = gnu11;
				GCC_NO_COMMON_BLOCKS = YES;
				GCC_WARN_64_TO_32_BIT_CONVERSION = YES;
				GCC_WARN_ABOUT_RETURN_TYPE = YES_ERROR;
				GCC_WARN_UNDECLARED_SELECTOR = YES;
				GCC_WARN_UNINITIALIZED_AUTOS = YES_AGGRESSIVE;
				GCC_WARN_UNUSED_FUNCTION = YES;
				GCC_WARN_UNUSED_VARIABLE = YES;
				IPHONEOS_DEPLOYMENT_TARGET = 12.1;
				MTL_ENABLE_DEBUG_INFO = NO;
				MTL_FAST_MATH = YES;
				SDKROOT = iphoneos;
				SWIFT_COMPILATION_MODE = wholemodule;
				SWIFT_OPTIMIZATION_LEVEL = "-O";
				VALIDATE_PRODUCT = YES;
			};
			name = Release;
		};
		09984A69225E10D10070CF6E /* Debug */ = {
			isa = XCBuildConfiguration;
			baseConfigurationReference = 9BB3390208E765FB9417E001 /* Pods-Smack.debug.xcconfig */;
			buildSettings = {
				ASSETCATALOG_COMPILER_APPICON_NAME = AppIcon;
				CLANG_ENABLE_MODULES = YES;
				CODE_SIGN_STYLE = Automatic;
				DEVELOPMENT_TEAM = GLKD5K42FQ;
				INFOPLIST_FILE = Smack/Info.plist;
				LD_RUNPATH_SEARCH_PATHS = (
					"$(inherited)",
					"@executable_path/Frameworks",
				);
				PRODUCT_BUNDLE_IDENTIFIER = com.rosenfielddwc.Smack;
				PRODUCT_NAME = "$(TARGET_NAME)";
				SWIFT_OBJC_BRIDGING_HEADER = "Smack/Supporting Files/Smack-Bridging-Header.h";
				SWIFT_OPTIMIZATION_LEVEL = "-Onone";
				SWIFT_VERSION = 4.0;
				TARGETED_DEVICE_FAMILY = "1,2";
			};
			name = Debug;
		};
		09984A6A225E10D10070CF6E /* Release */ = {
			isa = XCBuildConfiguration;
			baseConfigurationReference = B91C8F57AB5957EB72487723 /* Pods-Smack.release.xcconfig */;
			buildSettings = {
				ASSETCATALOG_COMPILER_APPICON_NAME = AppIcon;
				CLANG_ENABLE_MODULES = YES;
				CODE_SIGN_STYLE = Automatic;
				DEVELOPMENT_TEAM = GLKD5K42FQ;
				INFOPLIST_FILE = Smack/Info.plist;
				LD_RUNPATH_SEARCH_PATHS = (
					"$(inherited)",
					"@executable_path/Frameworks",
				);
				PRODUCT_BUNDLE_IDENTIFIER = com.rosenfielddwc.Smack;
				PRODUCT_NAME = "$(TARGET_NAME)";
				SWIFT_OBJC_BRIDGING_HEADER = "Smack/Supporting Files/Smack-Bridging-Header.h";
				SWIFT_VERSION = 4.0;
				TARGETED_DEVICE_FAMILY = "1,2";
			};
			name = Release;
		};
/* End XCBuildConfiguration section */

/* Begin XCConfigurationList section */
		09984A51225E10D00070CF6E /* Build configuration list for PBXProject "Smack" */ = {
			isa = XCConfigurationList;
			buildConfigurations = (
				09984A66225E10D10070CF6E /* Debug */,
				09984A67225E10D10070CF6E /* Release */,
			);
			defaultConfigurationIsVisible = 0;
			defaultConfigurationName = Release;
		};
		09984A68225E10D10070CF6E /* Build configuration list for PBXNativeTarget "Smack" */ = {
			isa = XCConfigurationList;
			buildConfigurations = (
				09984A69225E10D10070CF6E /* Debug */,
				09984A6A225E10D10070CF6E /* Release */,
			);
			defaultConfigurationIsVisible = 0;
			defaultConfigurationName = Release;
		};
/* End XCConfigurationList section */
	};
	rootObject = 09984A4E225E10D00070CF6E /* Project object */;
}
